// !$*UTF8*$!
{
	archiveVersion = 1;
	classes = {
	};
	objectVersion = 55;
	objects = {

/* Begin PBXBuildFile section */
		85C14B8C2827AB31004E9098 /* AppDelegate.swift in Sources */ = {isa = PBXBuildFile; fileRef = 85C14B8B2827AB31004E9098 /* AppDelegate.swift */; };
		85C14B8E2827AB31004E9098 /* SceneDelegate.swift in Sources */ = {isa = PBXBuildFile; fileRef = 85C14B8D2827AB31004E9098 /* SceneDelegate.swift */; };
		85C14B902827AB31004E9098 /* ViewController.swift in Sources */ = {isa = PBXBuildFile; fileRef = 85C14B8F2827AB31004E9098 /* ViewController.swift */; };
		85C14B932827AB31004E9098 /* Main.storyboard in Resources */ = {isa = PBXBuildFile; fileRef = 85C14B912827AB31004E9098 /* Main.storyboard */; };
		85C14B952827AB33004E9098 /* Assets.xcassets in Resources */ = {isa = PBXBuildFile; fileRef = 85C14B942827AB33004E9098 /* Assets.xcassets */; };
		85C14B982827AB33004E9098 /* LaunchScreen.storyboard in Resources */ = {isa = PBXBuildFile; fileRef = 85C14B962827AB33004E9098 /* LaunchScreen.storyboard */; };
		85C14BB02827ABD5004E9098 /* bg_blue@2x.png in Resources */ = {isa = PBXBuildFile; fileRef = 85C14BA12827ABD5004E9098 /* bg_blue@2x.png */; };
		85C14BB12827ABD5004E9098 /* bg_gold@2x.png in Resources */ = {isa = PBXBuildFile; fileRef = 85C14BA22827ABD5004E9098 /* bg_gold@2x.png */; };
		85C14BB22827ABD5004E9098 /* gacha@2x.png in Resources */ = {isa = PBXBuildFile; fileRef = 85C14BA32827ABD5004E9098 /* gacha@2x.png */; };
		85C14BB32827ABD5004E9098 /* bg_red@2x.png in Resources */ = {isa = PBXBuildFile; fileRef = 85C14BA42827ABD5004E9098 /* bg_red@2x.png */; };
		85C14BB42827ABD5004E9098 /* monster005.png in Resources */ = {isa = PBXBuildFile; fileRef = 85C14BA62827ABD5004E9098 /* monster005.png */; };
		85C14BB52827ABD5004E9098 /* monster010.png in Resources */ = {isa = PBXBuildFile; fileRef = 85C14BA72827ABD5004E9098 /* monster010.png */; };
		85C14BB62827ABD5004E9098 /* monster004.png in Resources */ = {isa = PBXBuildFile; fileRef = 85C14BA82827ABD5004E9098 /* monster004.png */; };
		85C14BB72827ABD5004E9098 /* monster006.png in Resources */ = {isa = PBXBuildFile; fileRef = 85C14BA92827ABD5004E9098 /* monster006.png */; };
		85C14BB82827ABD5004E9098 /* monster007.png in Resources */ = {isa = PBXBuildFile; fileRef = 85C14BAA2827ABD5004E9098 /* monster007.png */; };
		85C14BB92827ABD5004E9098 /* monster003.png in Resources */ = {isa = PBXBuildFile; fileRef = 85C14BAB2827ABD5004E9098 /* monster003.png */; };
		85C14BBA2827ABD5004E9098 /* monster002.png in Resources */ = {isa = PBXBuildFile; fileRef = 85C14BAC2827ABD5004E9098 /* monster002.png */; };
		85C14BBB2827ABD5004E9098 /* monster001.png in Resources */ = {isa = PBXBuildFile; fileRef = 85C14BAD2827ABD5004E9098 /* monster001.png */; };
		85C14BBC2827ABD5004E9098 /* monster009.png in Resources */ = {isa = PBXBuildFile; fileRef = 85C14BAE2827ABD5004E9098 /* monster009.png */; };
		85C14BBD2827ABD5004E9098 /* monster008.png in Resources */ = {isa = PBXBuildFile; fileRef = 85C14BAF2827ABD5004E9098 /* monster008.png */; };
		85C14BBF2827ADD7004E9098 /* ResultViewController.swift in Sources */ = {isa = PBXBuildFile; fileRef = 85C14BBE2827ADD7004E9098 /* ResultViewController.swift */; };
/* End PBXBuildFile section */

/* Begin PBXFileReference section */
		85C14B882827AB31004E9098 /* Gacha.app */ = {isa = PBXFileReference; explicitFileType = wrapper.application; includeInIndex = 0; path = Gacha.app; sourceTree = BUILT_PRODUCTS_DIR; };
		85C14B8B2827AB31004E9098 /* AppDelegate.swift */ = {isa = PBXFileReference; lastKnownFileType = sourcecode.swift; path = AppDelegate.swift; sourceTree = "<group>"; };
		85C14B8D2827AB31004E9098 /* SceneDelegate.swift */ = {isa = PBXFileReference; lastKnownFileType = sourcecode.swift; path = SceneDelegate.swift; sourceTree = "<group>"; };
		85C14B8F2827AB31004E9098 /* ViewController.swift */ = {isa = PBXFileReference; lastKnownFileType = sourcecode.swift; path = ViewController.swift; sourceTree = "<group>"; };
		85C14B922827AB31004E9098 /* Base */ = {isa = PBXFileReference; lastKnownFileType = file.storyboard; name = Base; path = Base.lproj/Main.storyboard; sourceTree = "<group>"; };
		85C14B942827AB33004E9098 /* Assets.xcassets */ = {isa = PBXFileReference; lastKnownFileType = folder.assetcatalog; path = Assets.xcassets; sourceTree = "<group>"; };
		85C14B972827AB33004E9098 /* Base */ = {isa = PBXFileReference; lastKnownFileType = file.storyboard; name = Base; path = Base.lproj/LaunchScreen.storyboard; sourceTree = "<group>"; };
		85C14B992827AB33004E9098 /* Info.plist */ = {isa = PBXFileReference; lastKnownFileType = text.plist.xml; path = Info.plist; sourceTree = "<group>"; };
		85C14BA12827ABD5004E9098 /* bg_blue@2x.png */ = {isa = PBXFileReference; lastKnownFileType = image.png; path = "bg_blue@2x.png"; sourceTree = "<group>"; };
		85C14BA22827ABD5004E9098 /* bg_gold@2x.png */ = {isa = PBXFileReference; lastKnownFileType = image.png; path = "bg_gold@2x.png"; sourceTree = "<group>"; };
		85C14BA32827ABD5004E9098 /* gacha@2x.png */ = {isa = PBXFileReference; lastKnownFileType = image.png; path = "gacha@2x.png"; sourceTree = "<group>"; };
		85C14BA42827ABD5004E9098 /* bg_red@2x.png */ = {isa = PBXFileReference; lastKnownFileType = image.png; path = "bg_red@2x.png"; sourceTree = "<group>"; };
		85C14BA62827ABD5004E9098 /* monster005.png */ = {isa = PBXFileReference; lastKnownFileType = image.png; path = monster005.png; sourceTree = "<group>"; };
		85C14BA72827ABD5004E9098 /* monster010.png */ = {isa = PBXFileReference; lastKnownFileType = image.png; path = monster010.png; sourceTree = "<group>"; };
		85C14BA82827ABD5004E9098 /* monster004.png */ = {isa = PBXFileReference; lastKnownFileType = image.png; path = monster004.png; sourceTree = "<group>"; };
		85C14BA92827ABD5004E9098 /* monster006.png */ = {isa = PBXFileReference; lastKnownFileType = image.png; path = monster006.png; sourceTree = "<group>"; };
		85C14BAA2827ABD5004E9098 /* monster007.png */ = {isa = PBXFileReference; lastKnownFileType = image.png; path = monster007.png; sourceTree = "<group>"; };
		85C14BAB2827ABD5004E9098 /* monster003.png */ = {isa = PBXFileReference; lastKnownFileType = image.png; path = monster003.png; sourceTree = "<group>"; };
		85C14BAC2827ABD5004E9098 /* monster002.png */ = {isa = PBXFileReference; lastKnownFileType = image.png; path = monster002.png; sourceTree = "<group>"; };
		85C14BAD2827ABD5004E9098 /* monster001.png */ = {isa = PBXFileReference; lastKnownFileType = image.png; path = monster001.png; sourceTree = "<group>"; };
		85C14BAE2827ABD5004E9098 /* monster009.png */ = {isa = PBXFileReference; lastKnownFileType = image.png; path = monster009.png; sourceTree = "<group>"; };
		85C14BAF2827ABD5004E9098 /* monster008.png */ = {isa = PBXFileReference; lastKnownFileType = image.png; path = monster008.png; sourceTree = "<group>"; };
		85C14BBE2827ADD7004E9098 /* ResultViewController.swift */ = {isa = PBXFileReference; lastKnownFileType = sourcecode.swift; path = ResultViewController.swift; sourceTree = "<group>"; };
/* End PBXFileReference section */

/* Begin PBXFrameworksBuildPhase section */
		85C14B852827AB31004E9098 /* Frameworks */ = {
			isa = PBXFrameworksBuildPhase;
			buildActionMask = 2147483647;
			files = (
			);
			runOnlyForDeploymentPostprocessing = 0;
		};
/* End PBXFrameworksBuildPhase section */

/* Begin PBXGroup section */
		85C14B7F2827AB31004E9098 = {
			isa = PBXGroup;
			children = (
				85C14B8A2827AB31004E9098 /* Gacha */,
				85C14B892827AB31004E9098 /* Products */,
			);
			sourceTree = "<group>";
		};
		85C14B892827AB31004E9098 /* Products */ = {
			isa = PBXGroup;
			children = (
				85C14B882827AB31004E9098 /* Gacha.app */,
			);
			name = Products;
			sourceTree = "<group>";
		};
		85C14B8A2827AB31004E9098 /* Gacha */ = {
			isa = PBXGroup;
			children = (
				85C14B8B2827AB31004E9098 /* AppDelegate.swift */,
				85C14B8D2827AB31004E9098 /* SceneDelegate.swift */,
				85C14B8F2827AB31004E9098 /* ViewController.swift */,
				85C14BBE2827ADD7004E9098 /* ResultViewController.swift */,
				85C14B912827AB31004E9098 /* Main.storyboard */,
				85C14B9F2827ABD5004E9098 /* GachaResources */,
				85C14B942827AB33004E9098 /* Assets.xcassets */,
				85C14B962827AB33004E9098 /* LaunchScreen.storyboard */,
				85C14B992827AB33004E9098 /* Info.plist */,
			);
			path = Gacha;
			sourceTree = "<group>";
		};
		85C14B9F2827ABD5004E9098 /* GachaResources */ = {
			isa = PBXGroup;
			children = (
				85C14BA02827ABD5004E9098 /* background */,
				85C14BA52827ABD5004E9098 /* monster */,
			);
			path = GachaResources;
			sourceTree = "<group>";
		};
		85C14BA02827ABD5004E9098 /* background */ = {
			isa = PBXGroup;
			children = (
				85C14BA12827ABD5004E9098 /* bg_blue@2x.png */,
				85C14BA22827ABD5004E9098 /* bg_gold@2x.png */,
				85C14BA32827ABD5004E9098 /* gacha@2x.png */,
				85C14BA42827ABD5004E9098 /* bg_red@2x.png */,
			);
			path = background;
			sourceTree = "<group>";
		};
		85C14BA52827ABD5004E9098 /* monster */ = {
			isa = PBXGroup;
			children = (
				85C14BA62827ABD5004E9098 /* monster005.png */,
				85C14BA72827ABD5004E9098 /* monster010.png */,
				85C14BA82827ABD5004E9098 /* monster004.png */,
				85C14BA92827ABD5004E9098 /* monster006.png */,
				85C14BAA2827ABD5004E9098 /* monster007.png */,
				85C14BAB2827ABD5004E9098 /* monster003.png */,
				85C14BAC2827ABD5004E9098 /* monster002.png */,
				85C14BAD2827ABD5004E9098 /* monster001.png */,
				85C14BAE2827ABD5004E9098 /* monster009.png */,
				85C14BAF2827ABD5004E9098 /* monster008.png */,
			);
			path = monster;
			sourceTree = "<group>";
		};
/* End PBXGroup section */

/* Begin PBXNativeTarget section */
		85C14B872827AB31004E9098 /* Gacha */ = {
			isa = PBXNativeTarget;
			buildConfigurationList = 85C14B9C2827AB33004E9098 /* Build configuration list for PBXNativeTarget "Gacha" */;
			buildPhases = (
				85C14B842827AB31004E9098 /* Sources */,
				85C14B852827AB31004E9098 /* Frameworks */,
				85C14B862827AB31004E9098 /* Resources */,
			);
			buildRules = (
			);
			dependencies = (
			);
			name = Gacha;
			productName = Gacha;
			productReference = 85C14B882827AB31004E9098 /* Gacha.app */;
			productType = "com.apple.product-type.application";
		};
/* End PBXNativeTarget section */

/* Begin PBXProject section */
		85C14B802827AB31004E9098 /* Project object */ = {
			isa = PBXProject;
			attributes = {
				BuildIndependentTargetsInParallel = 1;
				LastSwiftUpdateCheck = 1330;
				LastUpgradeCheck = 1330;
				TargetAttributes = {
					85C14B872827AB31004E9098 = {
						CreatedOnToolsVersion = 13.3.1;
					};
				};
			};
			buildConfigurationList = 85C14B832827AB31004E9098 /* Build configuration list for PBXProject "Gacha" */;
			compatibilityVersion = "Xcode 13.0";
			developmentRegion = en;
			hasScannedForEncodings = 0;
			knownRegions = (
				en,
				Base,
			);
			mainGroup = 85C14B7F2827AB31004E9098;
			productRefGroup = 85C14B892827AB31004E9098 /* Products */;
			projectDirPath = "";
			projectRoot = "";
			targets = (
				85C14B872827AB31004E9098 /* Gacha */,
			);
		};
/* End PBXProject section */

/* Begin PBXResourcesBuildPhase section */
		85C14B862827AB31004E9098 /* Resources */ = {
			isa = PBXResourcesBuildPhase;
			buildActionMask = 2147483647;
			files = (
				85C14BB32827ABD5004E9098 /* bg_red@2x.png in Resources */,
				85C14B982827AB33004E9098 /* LaunchScreen.storyboard in Resources */,
				85C14BBC2827ABD5004E9098 /* monster009.png in Resources */,
				85C14BB12827ABD5004E9098 /* bg_gold@2x.png in Resources */,
				85C14BB92827ABD5004E9098 /* monster003.png in Resources */,
				85C14BBB2827ABD5004E9098 /* monster001.png in Resources */,
				85C14BBD2827ABD5004E9098 /* monster008.png in Resources */,
				85C14B952827AB33004E9098 /* Assets.xcassets in Resources */,
				85C14BB82827ABD5004E9098 /* monster007.png in Resources */,
				85C14BB22827ABD5004E9098 /* gacha@2x.png in Resources */,
				85C14BBA2827ABD5004E9098 /* monster002.png in Resources */,
				85C14B932827AB31004E9098 /* Main.storyboard in Resources */,
				85C14BB52827ABD5004E9098 /* monster010.png in Resources */,
				85C14BB72827ABD5004E9098 /* monster006.png in Resources */,
				85C14BB42827ABD5004E9098 /* monster005.png in Resources */,
				85C14BB02827ABD5004E9098 /* bg_blue@2x.png in Resources */,
				85C14BB62827ABD5004E9098 /* monster004.png in Resources */,
			);
			runOnlyForDeploymentPostprocessing = 0;
		};
/* End PBXResourcesBuildPhase section */

/* Begin PBXSourcesBuildPhase section */
		85C14B842827AB31004E9098 /* Sources */ = {
			isa = PBXSourcesBuildPhase;
			buildActionMask = 2147483647;
			files = (
				85C14B902827AB31004E9098 /* ViewController.swift in Sources */,
				85C14B8C2827AB31004E9098 /* AppDelegate.swift in Sources */,
				85C14B8E2827AB31004E9098 /* SceneDelegate.swift in Sources */,
				85C14BBF2827ADD7004E9098 /* ResultViewController.swift in Sources */,
			);
			runOnlyForDeploymentPostprocessing = 0;
		};
/* End PBXSourcesBuildPhase section */

/* Begin PBXVariantGroup section */
		85C14B912827AB31004E9098 /* Main.storyboard */ = {
			isa = PBXVariantGroup;
			children = (
				85C14B922827AB31004E9098 /* Base */,
			);
			name = Main.storyboard;
			sourceTree = "<group>";
		};
		85C14B962827AB33004E9098 /* LaunchScreen.storyboard */ = {
			isa = PBXVariantGroup;
			children = (
				85C14B972827AB33004E9098 /* Base */,
			);
			name = LaunchScreen.storyboard;
			sourceTree = "<group>";
		};
/* End PBXVariantGroup section */

/* Begin XCBuildConfiguration section */
		85C14B9A2827AB33004E9098 /* Debug */ = {
			isa = XCBuildConfiguration;
			buildSettings = {
				ALWAYS_SEARCH_USER_PATHS = NO;
				CLANG_ANALYZER_NONNULL = YES;
				CLANG_ANALYZER_NUMBER_OBJECT_CONVERSION = YES_AGGRESSIVE;
				CLANG_CXX_LANGUAGE_STANDARD = "gnu++17";
				CLANG_ENABLE_MODULES = YES;
				CLANG_ENABLE_OBJC_ARC = YES;
				CLANG_ENABLE_OBJC_WEAK = YES;
				CLANG_WARN_BLOCK_CAPTURE_AUTORELEASING = YES;
				CLANG_WARN_BOOL_CONVERSION = YES;
				CLANG_WARN_COMMA = YES;
				CLANG_WARN_CONSTANT_CONVERSION = YES;
				CLANG_WARN_DEPRECATED_OBJC_IMPLEMENTATIONS = YES;
				CLANG_WARN_DIRECT_OBJC_ISA_USAGE = YES_ERROR;
				CLANG_WARN_DOCUMENTATION_COMMENTS = YES;
				CLANG_WARN_EMPTY_BODY = YES;
				CLANG_WARN_ENUM_CONVERSION = YES;
				CLANG_WARN_INFINITE_RECURSION = YES;
				CLANG_WARN_INT_CONVERSION = YES;
				CLANG_WARN_NON_LITERAL_NULL_CONVERSION = YES;
				CLANG_WARN_OBJC_IMPLICIT_RETAIN_SELF = YES;
				CLANG_WARN_OBJC_LITERAL_CONVERSION = YES;
				CLANG_WARN_OBJC_ROOT_CLASS = YES_ERROR;
				CLANG_WARN_QUOTED_INCLUDE_IN_FRAMEWORK_HEADER = YES;
				CLANG_WARN_RANGE_LOOP_ANALYSIS = YES;
				CLANG_WARN_STRICT_PROTOTYPES = YES;
				CLANG_WARN_SUSPICIOUS_MOVE = YES;
				CLANG_WARN_UNGUARDED_AVAILABILITY = YES_AGGRESSIVE;
				CLANG_WARN_UNREACHABLE_CODE = YES;
				CLANG_WARN__DUPLICATE_METHOD_MATCH = YES;
				COPY_PHASE_STRIP = NO;
				DEBUG_INFORMATION_FORMAT = dwarf;
				ENABLE_STRICT_OBJC_MSGSEND = YES;
				ENABLE_TESTABILITY = YES;
				GCC_C_LANGUAGE_STANDARD = gnu11;
				GCC_DYNAMIC_NO_PIC = NO;
				GCC_NO_COMMON_BLOCKS = YES;
				GCC_OPTIMIZATION_LEVEL = 0;
				GCC_PREPROCESSOR_DEFINITIONS = (
					"DEBUG=1",
					"$(inherited)",
				);
				GCC_WARN_64_TO_32_BIT_CONVERSION = YES;
				GCC_WARN_ABOUT_RETURN_TYPE = YES_ERROR;
				GCC_WARN_UNDECLARED_SELECTOR = YES;
				GCC_WARN_UNINITIALIZED_AUTOS = YES_AGGRESSIVE;
				GCC_WARN_UNUSED_FUNCTION = YES;
				GCC_WARN_UNUSED_VARIABLE = YES;
				IPHONEOS_DEPLOYMENT_TARGET = 15.4;
				MTL_ENABLE_DEBUG_INFO = INCLUDE_SOURCE;
				MTL_FAST_MATH = YES;
				ONLY_ACTIVE_ARCH = YES;
				SDKROOT = iphoneos;
				SWIFT_ACTIVE_COMPILATION_CONDITIONS = DEBUG;
				SWIFT_OPTIMIZATION_LEVEL = "-Onone";
			};
			name = Debug;
		};
		85C14B9B2827AB33004E9098 /* Release */ = {
			isa = XCBuildConfiguration;
			buildSettings = {
				ALWAYS_SEARCH_USER_PATHS = NO;
				CLANG_ANALYZER_NONNULL = YES;
				CLANG_ANALYZER_NUMBER_OBJECT_CONVERSION = YES_AGGRESSIVE;
				CLANG_CXX_LANGUAGE_STANDARD = "gnu++17";
				CLANG_ENABLE_MODULES = YES;
				CLANG_ENABLE_OBJC_ARC = YES;
				CLANG_ENABLE_OBJC_WEAK = YES;
				CLANG_WARN_BLOCK_CAPTURE_AUTORELEASING = YES;
				CLANG_WARN_BOOL_CONVERSION = YES;
				CLANG_WARN_COMMA = YES;
				CLANG_WARN_CONSTANT_CONVERSION = YES;
				CLANG_WARN_DEPRECATED_OBJC_IMPLEMENTATIONS = YES;
				CLANG_WARN_DIRECT_OBJC_ISA_USAGE = YES_ERROR;
				CLANG_WARN_DOCUMENTATION_COMMENTS = YES;
				CLANG_WARN_EMPTY_BODY = YES;
				CLANG_WARN_ENUM_CONVERSION = YES;
				CLANG_WARN_INFINITE_RECURSION = YES;
				CLANG_WARN_INT_CONVERSION = YES;
				CLANG_WARN_NON_LITERAL_NULL_CONVERSION = YES;
				CLANG_WARN_OBJC_IMPLICIT_RETAIN_SELF = YES;
				CLANG_WARN_OBJC_LITERAL_CONVERSION = YES;
				CLANG_WARN_OBJC_ROOT_CLASS = YES_ERROR;
				CLANG_WARN_QUOTED_INCLUDE_IN_FRAMEWORK_HEADER = YES;
				CLANG_WARN_RANGE_LOOP_ANALYSIS = YES;
				CLANG_WARN_STRICT_PROTOTYPES = YES;
				CLANG_WARN_SUSPICIOUS_MOVE = YES;
				CLANG_WARN_UNGUARDED_AVAILABILITY = YES_AGGRESSIVE;
				CLANG_WARN_UNREACHABLE_CODE = YES;
				CLANG_WARN__DUPLICATE_METHOD_MATCH = YES;
				COPY_PHASE_STRIP = NO;
				DEBUG_INFORMATION_FORMAT = "dwarf-with-dsym";
				ENABLE_NS_ASSERTIONS = NO;
				ENABLE_STRICT_OBJC_MSGSEND = YES;
				GCC_C_LANGUAGE_STANDARD = gnu11;
				GCC_NO_COMMON_BLOCKS = YES;
				GCC_WARN_64_TO_32_BIT_CONVERSION = YES;
				GCC_WARN_ABOUT_RETURN_TYPE = YES_ERROR;
				GCC_WARN_UNDECLARED_SELECTOR = YES;
				GCC_WARN_UNINITIALIZED_AUTOS = YES_AGGRESSIVE;
				GCC_WARN_UNUSED_FUNCTION = YES;
				GCC_WARN_UNUSED_VARIABLE = YES;
				IPHONEOS_DEPLOYMENT_TARGET = 15.4;
				MTL_ENABLE_DEBUG_INFO = NO;
				MTL_FAST_MATH = YES;
				SDKROOT = iphoneos;
				SWIFT_COMPILATION_MODE = wholemodule;
				SWIFT_OPTIMIZATION_LEVEL = "-O";
				VALIDATE_PRODUCT = YES;
			};
			name = Release;
		};
		85C14B9D2827AB33004E9098 /* Debug */ = {
			isa = XCBuildConfiguration;
			buildSettings = {
				ASSETCATALOG_COMPILER_APPICON_NAME = AppIcon;
				ASSETCATALOG_COMPILER_GLOBAL_ACCENT_COLOR_NAME = AccentColor;
				CODE_SIGN_STYLE = Automatic;
				CURRENT_PROJECT_VERSION = 1;
				DEVELOPMENT_TEAM = NWPYC5C8JF;
				GENERATE_INFOPLIST_FILE = YES;
				INFOPLIST_FILE = Gacha/Info.plist;
				INFOPLIST_KEY_UIApplicationSupportsIndirectInputEvents = YES;
				INFOPLIST_KEY_UILaunchStoryboardName = LaunchScreen;
				INFOPLIST_KEY_UIMainStoryboardFile = Main;
				INFOPLIST_KEY_UISupportedInterfaceOrientations_iPad = "UIInterfaceOrientationPortrait UIInterfaceOrientationPortraitUpsideDown UIInterfaceOrientationLandscapeLeft UIInterfaceOrientationLandscapeRight";
				INFOPLIST_KEY_UISupportedInterfaceOrientations_iPhone = "UIInterfaceOrientationPortrait UIInterfaceOrientationLandscapeLeft UIInterfaceOrientationLandscapeRight";
				LD_RUNPATH_SEARCH_PATHS = (
					"$(inherited)",
					"@executable_path/Frameworks",
				);
				MARKETING_VERSION = 1.0;
				PRODUCT_BUNDLE_IDENTIFIER = com.kudoayana.Gacha;
				PRODUCT_NAME = "$(TARGET_NAME)";
				SWIFT_EMIT_LOC_STRINGS = YES;
				SWIFT_VERSION = 5.0;
				TARGETED_DEVICE_FAMILY = "1,2";
			};
			name = Debug;
		};
		85C14B9E2827AB33004E9098 /* Release */ = {
			isa = XCBuildConfiguration;
			buildSettings = {
				ASSETCATALOG_COMPILER_APPICON_NAME = AppIcon;
				ASSETCATALOG_COMPILER_GLOBAL_ACCENT_COLOR_NAME = AccentColor;
				CODE_SIGN_STYLE = Automatic;
				CURRENT_PROJECT_VERSION = 1;
				DEVELOPMENT_TEAM = NWPYC5C8JF;
				GENERATE_INFOPLIST_FILE = YES;
				INFOPLIST_FILE = Gacha/Info.plist;
				INFOPLIST_KEY_UIApplicationSupportsIndirectInputEvents = YES;
				INFOPLIST_KEY_UILaunchStoryboardName = LaunchScreen;
				INFOPLIST_KEY_UIMainStoryboardFile = Main;
				INFOPLIST_KEY_UISupportedInterfaceOrientations_iPad = "UIInterfaceOrientationPortrait UIInterfaceOrientationPortraitUpsideDown UIInterfaceOrientationLandscapeLeft UIInterfaceOrientationLandscapeRight";
				INFOPLIST_KEY_UISupportedInterfaceOrientations_iPhone = "UIInterfaceOrientationPortrait UIInterfaceOrientationLandscapeLeft UIInterfaceOrientationLandscapeRight";
				LD_RUNPATH_SEARCH_PATHS = (
					"$(inherited)",
					"@executable_path/Frameworks",
				);
				MARKETING_VERSION = 1.0;
				PRODUCT_BUNDLE_IDENTIFIER = com.kudoayana.Gacha;
				PRODUCT_NAME = "$(TARGET_NAME)";
				SWIFT_EMIT_LOC_STRINGS = YES;
				SWIFT_VERSION = 5.0;
				TARGETED_DEVICE_FAMILY = "1,2";
			};
			name = Release;
		};
/* End XCBuildConfiguration section */

/* Begin XCConfigurationList section */
		85C14B832827AB31004E9098 /* Build configuration list for PBXProject "Gacha" */ = {
			isa = XCConfigurationList;
			buildConfigurations = (
				85C14B9A2827AB33004E9098 /* Debug */,
				85C14B9B2827AB33004E9098 /* Release */,
			);
			defaultConfigurationIsVisible = 0;
			defaultConfigurationName = Release;
		};
		85C14B9C2827AB33004E9098 /* Build configuration list for PBXNativeTarget "Gacha" */ = {
			isa = XCConfigurationList;
			buildConfigurations = (
				85C14B9D2827AB33004E9098 /* Debug */,
				85C14B9E2827AB33004E9098 /* Release */,
			);
			defaultConfigurationIsVisible = 0;
			defaultConfigurationName = Release;
		};
/* End XCConfigurationList section */
	};
	rootObject = 85C14B802827AB31004E9098 /* Project object */;
}
